// !$*UTF8*$!
{
	archiveVersion = 1;
	classes = {
	};
	objectVersion = 50;
	objects = {

/* Begin PBXBuildFile section */
		3624A73C2162A8F000FB47BC /* AppDelegate.swift in Sources */ = {isa = PBXBuildFile; fileRef = 3624A73B2162A8F000FB47BC /* AppDelegate.swift */; };
		3624A73E2162A8F000FB47BC /* ViewController.swift in Sources */ = {isa = PBXBuildFile; fileRef = 3624A73D2162A8F000FB47BC /* ViewController.swift */; };
		3624A7412162A8F000FB47BC /* Main.storyboard in Resources */ = {isa = PBXBuildFile; fileRef = 3624A73F2162A8F000FB47BC /* Main.storyboard */; };
		3624A7432162A8F100FB47BC /* Assets.xcassets in Resources */ = {isa = PBXBuildFile; fileRef = 3624A7422162A8F100FB47BC /* Assets.xcassets */; };
		3624A7462162A8F100FB47BC /* LaunchScreen.storyboard in Resources */ = {isa = PBXBuildFile; fileRef = 3624A7442162A8F100FB47BC /* LaunchScreen.storyboard */; };
		3624A7512162A8F200FB47BC /* FlixTests.swift in Sources */ = {isa = PBXBuildFile; fileRef = 3624A7502162A8F200FB47BC /* FlixTests.swift */; };
		3624A75C2162A8F200FB47BC /* FlixUITests.swift in Sources */ = {isa = PBXBuildFile; fileRef = 3624A75B2162A8F200FB47BC /* FlixUITests.swift */; };
/* End PBXBuildFile section */

/* Begin PBXContainerItemProxy section */
		3624A74D2162A8F200FB47BC /* PBXContainerItemProxy */ = {
			isa = PBXContainerItemProxy;
			containerPortal = 3624A7302162A8F000FB47BC /* Project object */;
			proxyType = 1;
			remoteGlobalIDString = 3624A7372162A8F000FB47BC;
			remoteInfo = Flix;
		};
		3624A7582162A8F200FB47BC /* PBXContainerItemProxy */ = {
			isa = PBXContainerItemProxy;
			containerPortal = 3624A7302162A8F000FB47BC /* Project object */;
			proxyType = 1;
			remoteGlobalIDString = 3624A7372162A8F000FB47BC;
			remoteInfo = Flix;
		};
/* End PBXContainerItemProxy section */

/* Begin PBXFileReference section */
		3624A7382162A8F000FB47BC /* Flix.app */ = {isa = PBXFileReference; explicitFileType = wrapper.application; includeInIndex = 0; path = Flix.app; sourceTree = BUILT_PRODUCTS_DIR; };
		3624A73B2162A8F000FB47BC /* AppDelegate.swift */ = {isa = PBXFileReference; lastKnownFileType = sourcecode.swift; path = AppDelegate.swift; sourceTree = "<group>"; };
		3624A73D2162A8F000FB47BC /* ViewController.swift */ = {isa = PBXFileReference; lastKnownFileType = sourcecode.swift; path = ViewController.swift; sourceTree = "<group>"; };
		3624A7402162A8F000FB47BC /* Base */ = {isa = PBXFileReference; lastKnownFileType = file.storyboard; name = Base; path = Base.lproj/Main.storyboard; sourceTree = "<group>"; };
		3624A7422162A8F100FB47BC /* Assets.xcassets */ = {isa = PBXFileReference; lastKnownFileType = folder.assetcatalog; path = Assets.xcassets; sourceTree = "<group>"; };
		3624A7452162A8F100FB47BC /* Base */ = {isa = PBXFileReference; lastKnownFileType = file.storyboard; name = Base; path = Base.lproj/LaunchScreen.storyboard; sourceTree = "<group>"; };
		3624A7472162A8F200FB47BC /* Info.plist */ = {isa = PBXFileReference; lastKnownFileType = text.plist.xml; path = Info.plist; sourceTree = "<group>"; };
		3624A74C2162A8F200FB47BC /* FlixTests.xctest */ = {isa = PBXFileReference; explicitFileType = wrapper.cfbundle; includeInIndex = 0; path = FlixTests.xctest; sourceTree = BUILT_PRODUCTS_DIR; };
		3624A7502162A8F200FB47BC /* FlixTests.swift */ = {isa = PBXFileReference; lastKnownFileType = sourcecode.swift; path = FlixTests.swift; sourceTree = "<group>"; };
		3624A7522162A8F200FB47BC /* Info.plist */ = {isa = PBXFileReference; lastKnownFileType = text.plist.xml; path = Info.plist; sourceTree = "<group>"; };
		3624A7572162A8F200FB47BC /* FlixUITests.xctest */ = {isa = PBXFileReference; explicitFileType = wrapper.cfbundle; includeInIndex = 0; path = FlixUITests.xctest; sourceTree = BUILT_PRODUCTS_DIR; };
		3624A75B2162A8F200FB47BC /* FlixUITests.swift */ = {isa = PBXFileReference; lastKnownFileType = sourcecode.swift; path = FlixUITests.swift; sourceTree = "<group>"; };
		3624A75D2162A8F200FB47BC /* Info.plist */ = {isa = PBXFileReference; lastKnownFileType = text.plist.xml; path = Info.plist; sourceTree = "<group>"; };
/* End PBXFileReference section */

/* Begin PBXFrameworksBuildPhase section */
		3624A7352162A8F000FB47BC /* Frameworks */ = {
			isa = PBXFrameworksBuildPhase;
			buildActionMask = 2147483647;
			files = (
			);
			runOnlyForDeploymentPostprocessing = 0;
		};
		3624A7492162A8F200FB47BC /* Frameworks */ = {
			isa = PBXFrameworksBuildPhase;
			buildActionMask = 2147483647;
			files = (
			);
			runOnlyForDeploymentPostprocessing = 0;
		};
		3624A7542162A8F200FB47BC /* Frameworks */ = {
			isa = PBXFrameworksBuildPhase;
			buildActionMask = 2147483647;
			files = (
			);
			runOnlyForDeploymentPostprocessing = 0;
		};
/* End PBXFrameworksBuildPhase section */

/* Begin PBXGroup section */
		3624A72F2162A8F000FB47BC = {
			isa = PBXGroup;
			children = (
				3624A73A2162A8F000FB47BC /* Flix */,
				3624A74F2162A8F200FB47BC /* FlixTests */,
				3624A75A2162A8F200FB47BC /* FlixUITests */,
				3624A7392162A8F000FB47BC /* Products */,
			);
			sourceTree = "<group>";
		};
		3624A7392162A8F000FB47BC /* Products */ = {
			isa = PBXGroup;
			children = (
				3624A7382162A8F000FB47BC /* Flix.app */,
				3624A74C2162A8F200FB47BC /* FlixTests.xctest */,
				3624A7572162A8F200FB47BC /* FlixUITests.xctest */,
			);
			name = Products;
			sourceTree = "<group>";
		};
		3624A73A2162A8F000FB47BC /* Flix */ = {
			isa = PBXGroup;
			children = (
				3624A73B2162A8F000FB47BC /* AppDelegate.swift */,
				3624A73D2162A8F000FB47BC /* ViewController.swift */,
				3624A73F2162A8F000FB47BC /* Main.storyboard */,
				3624A7422162A8F100FB47BC /* Assets.xcassets */,
				3624A7442162A8F100FB47BC /* LaunchScreen.storyboard */,
				3624A7472162A8F200FB47BC /* Info.plist */,
			);
			path = Flix;
			sourceTree = "<group>";
		};
		3624A74F2162A8F200FB47BC /* FlixTests */ = {
			isa = PBXGroup;
			children = (
				3624A7502162A8F200FB47BC /* FlixTests.swift */,
				3624A7522162A8F200FB47BC /* Info.plist */,
			);
			path = FlixTests;
			sourceTree = "<group>";
		};
		3624A75A2162A8F200FB47BC /* FlixUITests */ = {
			isa = PBXGroup;
			children = (
				3624A75B2162A8F200FB47BC /* FlixUITests.swift */,
				3624A75D2162A8F200FB47BC /* Info.plist */,
			);
			path = FlixUITests;
			sourceTree = "<group>";
		};
/* End PBXGroup section */

/* Begin PBXNativeTarget section */
		3624A7372162A8F000FB47BC /* Flix */ = {
			isa = PBXNativeTarget;
			buildConfigurationList = 3624A7602162A8F200FB47BC /* Build configuration list for PBXNativeTarget "Flix" */;
			buildPhases = (
				3624A7342162A8F000FB47BC /* Sources */,
				3624A7352162A8F000FB47BC /* Frameworks */,
				3624A7362162A8F000FB47BC /* Resources */,
			);
			buildRules = (
			);
			dependencies = (
			);
			name = Flix;
			productName = Flix;
			productReference = 3624A7382162A8F000FB47BC /* Flix.app */;
			productType = "com.apple.product-type.application";
		};
		3624A74B2162A8F200FB47BC /* FlixTests */ = {
			isa = PBXNativeTarget;
			buildConfigurationList = 3624A7632162A8F200FB47BC /* Build configuration list for PBXNativeTarget "FlixTests" */;
			buildPhases = (
				3624A7482162A8F200FB47BC /* Sources */,
				3624A7492162A8F200FB47BC /* Frameworks */,
				3624A74A2162A8F200FB47BC /* Resources */,
			);
			buildRules = (
			);
			dependencies = (
				3624A74E2162A8F200FB47BC /* PBXTargetDependency */,
			);
			name = FlixTests;
			productName = FlixTests;
			productReference = 3624A74C2162A8F200FB47BC /* FlixTests.xctest */;
			productType = "com.apple.product-type.bundle.unit-test";
		};
		3624A7562162A8F200FB47BC /* FlixUITests */ = {
			isa = PBXNativeTarget;
			buildConfigurationList = 3624A7662162A8F200FB47BC /* Build configuration list for PBXNativeTarget "FlixUITests" */;
			buildPhases = (
				3624A7532162A8F200FB47BC /* Sources */,
				3624A7542162A8F200FB47BC /* Frameworks */,
				3624A7552162A8F200FB47BC /* Resources */,
			);
			buildRules = (
			);
			dependencies = (
				3624A7592162A8F200FB47BC /* PBXTargetDependency */,
			);
			name = FlixUITests;
			productName = FlixUITests;
			productReference = 3624A7572162A8F200FB47BC /* FlixUITests.xctest */;
			productType = "com.apple.product-type.bundle.ui-testing";
		};
/* End PBXNativeTarget section */

/* Begin PBXProject section */
		3624A7302162A8F000FB47BC /* Project object */ = {
			isa = PBXProject;
			attributes = {
				LastSwiftUpdateCheck = 0940;
				LastUpgradeCheck = 0940;
				ORGANIZATIONNAME = "Sumaiya Mahin";
				TargetAttributes = {
					3624A7372162A8F000FB47BC = {
						CreatedOnToolsVersion = 9.4.1;
					};
					3624A74B2162A8F200FB47BC = {
						CreatedOnToolsVersion = 9.4.1;
						TestTargetID = 3624A7372162A8F000FB47BC;
					};
					3624A7562162A8F200FB47BC = {
						CreatedOnToolsVersion = 9.4.1;
						TestTargetID = 3624A7372162A8F000FB47BC;
					};
				};
			};
			buildConfigurationList = 3624A7332162A8F000FB47BC /* Build configuration list for PBXProject "Flix" */;
			compatibilityVersion = "Xcode 9.3";
			developmentRegion = en;
			hasScannedForEncodings = 0;
			knownRegions = (
				en,
				Base,
			);
			mainGroup = 3624A72F2162A8F000FB47BC;
			productRefGroup = 3624A7392162A8F000FB47BC /* Products */;
			projectDirPath = "";
			projectRoot = "";
			targets = (
				3624A7372162A8F000FB47BC /* Flix */,
				3624A74B2162A8F200FB47BC /* FlixTests */,
				3624A7562162A8F200FB47BC /* FlixUITests */,
			);
		};
/* End PBXProject section */

/* Begin PBXResourcesBuildPhase section */
		3624A7362162A8F000FB47BC /* Resources */ = {
			isa = PBXResourcesBuildPhase;
			buildActionMask = 2147483647;
			files = (
				3624A7462162A8F100FB47BC /* LaunchScreen.storyboard in Resources */,
				3624A7432162A8F100FB47BC /* Assets.xcassets in Resources */,
				3624A7412162A8F000FB47BC /* Main.storyboard in Resources */,
			);
			runOnlyForDeploymentPostprocessing = 0;
		};
		3624A74A2162A8F200FB47BC /* Resources */ = {
			isa = PBXResourcesBuildPhase;
			buildActionMask = 2147483647;
			files = (
			);
			runOnlyForDeploymentPostprocessing = 0;
		};
		3624A7552162A8F200FB47BC /* Resources */ = {
			isa = PBXResourcesBuildPhase;
			buildActionMask = 2147483647;
			files = (
			);
			runOnlyForDeploymentPostprocessing = 0;
		};
/* End PBXResourcesBuildPhase section */

/* Begin PBXSourcesBuildPhase section */
		3624A7342162A8F000FB47BC /* Sources */ = {
			isa = PBXSourcesBuildPhase;
			buildActionMask = 2147483647;
			files = (
				3624A73E2162A8F000FB47BC /* ViewController.swift in Sources */,
				3624A73C2162A8F000FB47BC /* AppDelegate.swift in Sources */,
			);
			runOnlyForDeploymentPostprocessing = 0;
		};
		3624A7482162A8F200FB47BC /* Sources */ = {
			isa = PBXSourcesBuildPhase;
			buildActionMask = 2147483647;
			files = (
				3624A7512162A8F200FB47BC /* FlixTests.swift in Sources */,
			);
			runOnlyForDeploymentPostprocessing = 0;
		};
		3624A7532162A8F200FB47BC /* Sources */ = {
			isa = PBXSourcesBuildPhase;
			buildActionMask = 2147483647;
			files = (
				3624A75C2162A8F200FB47BC /* FlixUITests.swift in Sources */,
			);
			runOnlyForDeploymentPostprocessing = 0;
		};
/* End PBXSourcesBuildPhase section */

/* Begin PBXTargetDependency section */
		3624A74E2162A8F200FB47BC /* PBXTargetDependency */ = {
			isa = PBXTargetDependency;
			target = 3624A7372162A8F000FB47BC /* Flix */;
			targetProxy = 3624A74D2162A8F200FB47BC /* PBXContainerItemProxy */;
		};
		3624A7592162A8F200FB47BC /* PBXTargetDependency */ = {
			isa = PBXTargetDependency;
			target = 3624A7372162A8F000FB47BC /* Flix */;
			targetProxy = 3624A7582162A8F200FB47BC /* PBXContainerItemProxy */;
		};
/* End PBXTargetDependency section */

/* Begin PBXVariantGroup section */
		3624A73F2162A8F000FB47BC /* Main.storyboard */ = {
			isa = PBXVariantGroup;
			children = (
				3624A7402162A8F000FB47BC /* Base */,
			);
			name = Main.storyboard;
			sourceTree = "<group>";
		};
		3624A7442162A8F100FB47BC /* LaunchScreen.storyboard */ = {
			isa = PBXVariantGroup;
			children = (
				3624A7452162A8F100FB47BC /* Base */,
			);
			name = LaunchScreen.storyboard;
			sourceTree = "<group>";
		};
/* End PBXVariantGroup section */

/* Begin XCBuildConfiguration section */
		3624A75E2162A8F200FB47BC /* Debug */ = {
			isa = XCBuildConfiguration;
			buildSettings = {
				ALWAYS_SEARCH_USER_PATHS = NO;
				CLANG_ANALYZER_NONNULL = YES;
				CLANG_ANALYZER_NUMBER_OBJECT_CONVERSION = YES_AGGRESSIVE;
				CLANG_CXX_LANGUAGE_STANDARD = "gnu++14";
				CLANG_CXX_LIBRARY = "libc++";
				CLANG_ENABLE_MODULES = YES;
				CLANG_ENABLE_OBJC_ARC = YES;
				CLANG_ENABLE_OBJC_WEAK = YES;
				CLANG_WARN_BLOCK_CAPTURE_AUTORELEASING = YES;
				CLANG_WARN_BOOL_CONVERSION = YES;
				CLANG_WARN_COMMA = YES;
				CLANG_WARN_CONSTANT_CONVERSION = YES;
				CLANG_WARN_DEPRECATED_OBJC_IMPLEMENTATIONS = YES;
				CLANG_WARN_DIRECT_OBJC_ISA_USAGE = YES_ERROR;
				CLANG_WARN_DOCUMENTATION_COMMENTS = YES;
				CLANG_WARN_EMPTY_BODY = YES;
				CLANG_WARN_ENUM_CONVERSION = YES;
				CLANG_WARN_INFINITE_RECURSION = YES;
				CLANG_WARN_INT_CONVERSION = YES;
				CLANG_WARN_NON_LITERAL_NULL_CONVERSION = YES;
				CLANG_WARN_OBJC_IMPLICIT_RETAIN_SELF = YES;
				CLANG_WARN_OBJC_LITERAL_CONVERSION = YES;
				CLANG_WARN_OBJC_ROOT_CLASS = YES_ERROR;
				CLANG_WARN_RANGE_LOOP_ANALYSIS = YES;
				CLANG_WARN_STRICT_PROTOTYPES = YES;
				CLANG_WARN_SUSPICIOUS_MOVE = YES;
				CLANG_WARN_UNGUARDED_AVAILABILITY = YES_AGGRESSIVE;
				CLANG_WARN_UNREACHABLE_CODE = YES;
				CLANG_WARN__DUPLICATE_METHOD_MATCH = YES;
				CODE_SIGN_IDENTITY = "iPhone Developer";
				COPY_PHASE_STRIP = NO;
				DEBUG_INFORMATION_FORMAT = dwarf;
				ENABLE_STRICT_OBJC_MSGSEND = YES;
				ENABLE_TESTABILITY = YES;
				GCC_C_LANGUAGE_STANDARD = gnu11;
				GCC_DYNAMIC_NO_PIC = NO;
				GCC_NO_COMMON_BLOCKS = YES;
				GCC_OPTIMIZATION_LEVEL = 0;
				GCC_PREPROCESSOR_DEFINITIONS = (
					"DEBUG=1",
					"$(inherited)",
				);
				GCC_WARN_64_TO_32_BIT_CONVERSION = YES;
				GCC_WARN_ABOUT_RETURN_TYPE = YES_ERROR;
				GCC_WARN_UNDECLARED_SELECTOR = YES;
				GCC_WARN_UNINITIALIZED_AUTOS = YES_AGGRESSIVE;
				GCC_WARN_UNUSED_FUNCTION = YES;
				GCC_WARN_UNUSED_VARIABLE = YES;
				IPHONEOS_DEPLOYMENT_TARGET = 11.4;
				MTL_ENABLE_DEBUG_INFO = YES;
				ONLY_ACTIVE_ARCH = YES;
				SDKROOT = iphoneos;
				SWIFT_ACTIVE_COMPILATION_CONDITIONS = DEBUG;
				SWIFT_OPTIMIZATION_LEVEL = "-Onone";
			};
			name = Debug;
		};
		3624A75F2162A8F200FB47BC /* Release */ = {
			isa = XCBuildConfiguration;
			buildSettings = {
				ALWAYS_SEARCH_USER_PATHS = NO;
				CLANG_ANALYZER_NONNULL = YES;
				CLANG_ANALYZER_NUMBER_OBJECT_CONVERSION = YES_AGGRESSIVE;
				CLANG_CXX_LANGUAGE_STANDARD = "gnu++14";
				CLANG_CXX_LIBRARY = "libc++";
				CLANG_ENABLE_MODULES = YES;
				CLANG_ENABLE_OBJC_ARC = YES;
				CLANG_ENABLE_OBJC_WEAK = YES;
				CLANG_WARN_BLOCK_CAPTURE_AUTORELEASING = YES;
				CLANG_WARN_BOOL_CONVERSION = YES;
				CLANG_WARN_COMMA = YES;
				CLANG_WARN_CONSTANT_CONVERSION = YES;
				CLANG_WARN_DEPRECATED_OBJC_IMPLEMENTATIONS = YES;
				CLANG_WARN_DIRECT_OBJC_ISA_USAGE = YES_ERROR;
				CLANG_WARN_DOCUMENTATION_COMMENTS = YES;
				CLANG_WARN_EMPTY_BODY = YES;
				CLANG_WARN_ENUM_CONVERSION = YES;
				CLANG_WARN_INFINITE_RECURSION = YES;
				CLANG_WARN_INT_CONVERSION = YES;
				CLANG_WARN_NON_LITERAL_NULL_CONVERSION = YES;
				CLANG_WARN_OBJC_IMPLICIT_RETAIN_SELF = YES;
				CLANG_WARN_OBJC_LITERAL_CONVERSION = YES;
				CLANG_WARN_OBJC_ROOT_CLASS = YES_ERROR;
				CLANG_WARN_RANGE_LOOP_ANALYSIS = YES;
				CLANG_WARN_STRICT_PROTOTYPES = YES;
				CLANG_WARN_SUSPICIOUS_MOVE = YES;
				CLANG_WARN_UNGUARDED_AVAILABILITY = YES_AGGRESSIVE;
				CLANG_WARN_UNREACHABLE_CODE = YES;
				CLANG_WARN__DUPLICATE_METHOD_MATCH = YES;
				CODE_SIGN_IDENTITY = "iPhone Developer";
				COPY_PHASE_STRIP = NO;
				DEBUG_INFORMATION_FORMAT = "dwarf-with-dsym";
				ENABLE_NS_ASSERTIONS = NO;
				ENABLE_STRICT_OBJC_MSGSEND = YES;
				GCC_C_LANGUAGE_STANDARD = gnu11;
				GCC_NO_COMMON_BLOCKS = YES;
				GCC_WARN_64_TO_32_BIT_CONVERSION = YES;
				GCC_WARN_ABOUT_RETURN_TYPE = YES_ERROR;
				GCC_WARN_UNDECLARED_SELECTOR = YES;
				GCC_WARN_UNINITIALIZED_AUTOS = YES_AGGRESSIVE;
				GCC_WARN_UNUSED_FUNCTION = YES;
				GCC_WARN_UNUSED_VARIABLE = YES;
				IPHONEOS_DEPLOYMENT_TARGET = 11.4;
				MTL_ENABLE_DEBUG_INFO = NO;
				SDKROOT = iphoneos;
				SWIFT_COMPILATION_MODE = wholemodule;
				SWIFT_OPTIMIZATION_LEVEL = "-O";
				VALIDATE_PRODUCT = YES;
			};
			name = Release;
		};
		3624A7612162A8F200FB47BC /* Debug */ = {
			isa = XCBuildConfiguration;
			buildSettings = {
				ASSETCATALOG_COMPILER_APPICON_NAME = AppIcon;
				CODE_SIGN_STYLE = Automatic;
				DEVELOPMENT_TEAM = PL28N2PPXP;
				INFOPLIST_FILE = Flix/Info.plist;
				LD_RUNPATH_SEARCH_PATHS = (
					"$(inherited)",
					"@executable_path/Frameworks",
				);
				PRODUCT_BUNDLE_IDENTIFIER = com.codepath.Flix;
				PRODUCT_NAME = "$(TARGET_NAME)";
				SWIFT_VERSION = 4.0;
				TARGETED_DEVICE_FAMILY = "1,2";
			};
			name = Debug;
		};
		3624A7622162A8F200FB47BC /* Release */ = {
			isa = XCBuildConfiguration;
			buildSettings = {
				ASSETCATALOG_COMPILER_APPICON_NAME = AppIcon;
				CODE_SIGN_STYLE = Automatic;
				DEVELOPMENT_TEAM = PL28N2PPXP;
				INFOPLIST_FILE = Flix/Info.plist;
				LD_RUNPATH_SEARCH_PATHS = (
					"$(inherited)",
					"@executable_path/Frameworks",
				);
				PRODUCT_BUNDLE_IDENTIFIER = com.codepath.Flix;
				PRODUCT_NAME = "$(TARGET_NAME)";
				SWIFT_VERSION = 4.0;
				TARGETED_DEVICE_FAMILY = "1,2";
			};
			name = Release;
		};
		3624A7642162A8F200FB47BC /* Debug */ = {
			isa = XCBuildConfiguration;
			buildSettings = {
				ALWAYS_EMBED_SWIFT_STANDARD_LIBRARIES = YES;
				BUNDLE_LOADER = "$(TEST_HOST)";
				CODE_SIGN_STYLE = Automatic;
				DEVELOPMENT_TEAM = PL28N2PPXP;
				INFOPLIST_FILE = FlixTests/Info.plist;
				LD_RUNPATH_SEARCH_PATHS = (
					"$(inherited)",
					"@executable_path/Frameworks",
					"@loader_path/Frameworks",
				);
				PRODUCT_BUNDLE_IDENTIFIER = com.codepath.FlixTests;
				PRODUCT_NAME = "$(TARGET_NAME)";
				SWIFT_VERSION = 4.0;
				TARGETED_DEVICE_FAMILY = "1,2";
				TEST_HOST = "$(BUILT_PRODUCTS_DIR)/Flix.app/Flix";
			};
			name = Debug;
		};
		3624A7652162A8F200FB47BC /* Release */ = {
			isa = XCBuildConfiguration;
			buildSettings = {
				ALWAYS_EMBED_SWIFT_STANDARD_LIBRARIES = YES;
				BUNDLE_LOADER = "$(TEST_HOST)";
				CODE_SIGN_STYLE = Automatic;
				DEVELOPMENT_TEAM = PL28N2PPXP;
				INFOPLIST_FILE = FlixTests/Info.plist;
				LD_RUNPATH_SEARCH_PATHS = (
					"$(inherited)",
					"@executable_path/Frameworks",
					"@loader_path/Frameworks",
				);
				PRODUCT_BUNDLE_IDENTIFIER = com.codepath.FlixTests;
				PRODUCT_NAME = "$(TARGET_NAME)";
				SWIFT_VERSION = 4.0;
				TARGETED_DEVICE_FAMILY = "1,2";
				TEST_HOST = "$(BUILT_PRODUCTS_DIR)/Flix.app/Flix";
			};
			name = Release;
		};
		3624A7672162A8F200FB47BC /* Debug */ = {
			isa = XCBuildConfiguration;
			buildSettings = {
				ALWAYS_EMBED_SWIFT_STANDARD_LIBRARIES = YES;
				CODE_SIGN_STYLE = Automatic;
				DEVELOPMENT_TEAM = PL28N2PPXP;
				INFOPLIST_FILE = FlixUITests/Info.plist;
				LD_RUNPATH_SEARCH_PATHS = (
					"$(inherited)",
					"@executable_path/Frameworks",
					"@loader_path/Frameworks",
				);
				PRODUCT_BUNDLE_IDENTIFIER = com.codepath.FlixUITests;
				PRODUCT_NAME = "$(TARGET_NAME)";
				SWIFT_VERSION = 4.0;
				TARGETED_DEVICE_FAMILY = "1,2";
				TEST_TARGET_NAME = Flix;
			};
			name = Debug;
		};
		3624A7682162A8F200FB47BC /* Release */ = {
			isa = XCBuildConfiguration;
			buildSettings = {
				ALWAYS_EMBED_SWIFT_STANDARD_LIBRARIES = YES;
				CODE_SIGN_STYLE = Automatic;
				DEVELOPMENT_TEAM = PL28N2PPXP;
				INFOPLIST_FILE = FlixUITests/Info.plist;
				LD_RUNPATH_SEARCH_PATHS = (
					"$(inherited)",
					"@executable_path/Frameworks",
					"@loader_path/Frameworks",
				);
				PRODUCT_BUNDLE_IDENTIFIER = com.codepath.FlixUITests;
				PRODUCT_NAME = "$(TARGET_NAME)";
				SWIFT_VERSION = 4.0;
				TARGETED_DEVICE_FAMILY = "1,2";
				TEST_TARGET_NAME = Flix;
			};
			name = Release;
		};
/* End XCBuildConfiguration section */

/* Begin XCConfigurationList section */
		3624A7332162A8F000FB47BC /* Build configuration list for PBXProject "Flix" */ = {
			isa = XCConfigurationList;
			buildConfigurations = (
				3624A75E2162A8F200FB47BC /* Debug */,
				3624A75F2162A8F200FB47BC /* Release */,
			);
			defaultConfigurationIsVisible = 0;
			defaultConfigurationName = Release;
		};
		3624A7602162A8F200FB47BC /* Build configuration list for PBXNativeTarget "Flix" */ = {
			isa = XCConfigurationList;
			buildConfigurations = (
				3624A7612162A8F200FB47BC /* Debug */,
				3624A7622162A8F200FB47BC /* Release */,
			);
			defaultConfigurationIsVisible = 0;
			defaultConfigurationName = Release;
		};
		3624A7632162A8F200FB47BC /* Build configuration list for PBXNativeTarget "FlixTests" */ = {
			isa = XCConfigurationList;
			buildConfigurations = (
				3624A7642162A8F200FB47BC /* Debug */,
				3624A7652162A8F200FB47BC /* Release */,
			);
			defaultConfigurationIsVisible = 0;
			defaultConfigurationName = Release;
		};
		3624A7662162A8F200FB47BC /* Build configuration list for PBXNativeTarget "FlixUITests" */ = {
			isa = XCConfigurationList;
			buildConfigurations = (
				3624A7672162A8F200FB47BC /* Debug */,
				3624A7682162A8F200FB47BC /* Release */,
			);
			defaultConfigurationIsVisible = 0;
			defaultConfigurationName = Release;
		};
/* End XCConfigurationList section */
	};
	rootObject = 3624A7302162A8F000FB47BC /* Project object */;
}
